// !$*UTF8*$!
{
	archiveVersion = 1;
	classes = {
	};
	objectVersion = 46;
	objects = {

/* Begin PBXBuildFile section */
		DC17607A1D085E050091974A /* Assets.xcassets in Resources */ = {isa = PBXBuildFile; fileRef = DC1760791D085E050091974A /* Assets.xcassets */; };
		DC1760861D0860D80091974A /* AppDelegate.swift in Sources */ = {isa = PBXBuildFile; fileRef = DC1760851D0860D80091974A /* AppDelegate.swift */; };
		DC17608A1D0860E60091974A /* MainMenu.xib in Resources */ = {isa = PBXBuildFile; fileRef = DC1760881D0860E60091974A /* MainMenu.xib */; };
		DC17608D1D08613A0091974A /* KanjiViewController.swift in Sources */ = {isa = PBXBuildFile; fileRef = DC17608B1D08613A0091974A /* KanjiViewController.swift */; };
		DC17608E1D08613A0091974A /* KanjiViewController.xib in Resources */ = {isa = PBXBuildFile; fileRef = DC17608C1D08613A0091974A /* KanjiViewController.xib */; };
		DC1760941D0862F10091974A /* EventMonitor.swift in Sources */ = {isa = PBXBuildFile; fileRef = DC1760931D0862F10091974A /* EventMonitor.swift */; };
		DC5B86401D27A9D20018DFE4 /* CSVParser.swift in Sources */ = {isa = PBXBuildFile; fileRef = DC5B863F1D27A9D20018DFE4 /* CSVParser.swift */; };
		DCA0886F1D27B0DD002C8372 /* Kanji.swift in Sources */ = {isa = PBXBuildFile; fileRef = DCA0886E1D27B0DD002C8372 /* Kanji.swift */; };
		DCA088821D27B629002C8372 /* n5.csv in Resources */ = {isa = PBXBuildFile; fileRef = DCA088811D27B629002C8372 /* n5.csv */; };
		DCA0888C1D27BB7A002C8372 /* CSVParserTests.swift in Sources */ = {isa = PBXBuildFile; fileRef = DCA0888B1D27BB7A002C8372 /* CSVParserTests.swift */; };
		DCA088941D27BDE9002C8372 /* KanjiStore.swift in Sources */ = {isa = PBXBuildFile; fileRef = DCA088931D27BDE9002C8372 /* KanjiStore.swift */; };
		DCA088961D27BEDA002C8372 /* User.swift in Sources */ = {isa = PBXBuildFile; fileRef = DCA088951D27BEDA002C8372 /* User.swift */; };
		DCA088981D27C601002C8372 /* KanjiTests.swift in Sources */ = {isa = PBXBuildFile; fileRef = DCA088971D27C601002C8372 /* KanjiTests.swift */; };
		DCA0889A1D27CFFF002C8372 /* KanjiStatusBarItem.swift in Sources */ = {isa = PBXBuildFile; fileRef = DCA088991D27CFFF002C8372 /* KanjiStatusBarItem.swift */; };
/* End PBXBuildFile section */

/* Begin PBXContainerItemProxy section */
		DCA0888E1D27BB7B002C8372 /* PBXContainerItemProxy */ = {
			isa = PBXContainerItemProxy;
			containerPortal = DC17606C1D085E050091974A /* Project object */;
			proxyType = 1;
			remoteGlobalIDString = DC1760731D085E050091974A;
			remoteInfo = kanjiglance;
		};
/* End PBXContainerItemProxy section */

/* Begin PBXFileReference section */
		DC1760741D085E050091974A /* kanjiglance.app */ = {isa = PBXFileReference; explicitFileType = wrapper.application; includeInIndex = 0; path = kanjiglance.app; sourceTree = BUILT_PRODUCTS_DIR; };
		DC1760791D085E050091974A /* Assets.xcassets */ = {isa = PBXFileReference; lastKnownFileType = folder.assetcatalog; path = Assets.xcassets; sourceTree = "<group>"; };
		DC17607E1D085E050091974A /* Info.plist */ = {isa = PBXFileReference; lastKnownFileType = text.plist.xml; path = Info.plist; sourceTree = "<group>"; };
		DC1760851D0860D80091974A /* AppDelegate.swift */ = {isa = PBXFileReference; fileEncoding = 4; lastKnownFileType = sourcecode.swift; path = AppDelegate.swift; sourceTree = "<group>"; };
		DC1760891D0860E60091974A /* Base */ = {isa = PBXFileReference; lastKnownFileType = file.xib; name = Base; path = Base.lproj/MainMenu.xib; sourceTree = "<group>"; };
		DC17608B1D08613A0091974A /* KanjiViewController.swift */ = {isa = PBXFileReference; fileEncoding = 4; lastKnownFileType = sourcecode.swift; path = KanjiViewController.swift; sourceTree = "<group>"; };
		DC17608C1D08613A0091974A /* KanjiViewController.xib */ = {isa = PBXFileReference; fileEncoding = 4; lastKnownFileType = file.xib; name = KanjiViewController.xib; path = ../Classes/KanjiViewController.xib; sourceTree = "<group>"; };
		DC1760931D0862F10091974A /* EventMonitor.swift */ = {isa = PBXFileReference; fileEncoding = 4; lastKnownFileType = sourcecode.swift; path = EventMonitor.swift; sourceTree = "<group>"; };
		DC5B863F1D27A9D20018DFE4 /* CSVParser.swift */ = {isa = PBXFileReference; fileEncoding = 4; lastKnownFileType = sourcecode.swift; path = CSVParser.swift; sourceTree = "<group>"; };
		DCA0886E1D27B0DD002C8372 /* Kanji.swift */ = {isa = PBXFileReference; fileEncoding = 4; lastKnownFileType = sourcecode.swift; path = Kanji.swift; sourceTree = "<group>"; };
		DCA088811D27B629002C8372 /* n5.csv */ = {isa = PBXFileReference; fileEncoding = 4; lastKnownFileType = text; path = n5.csv; sourceTree = "<group>"; };
		DCA088891D27BB7A002C8372 /* kanjiglanceTests.xctest */ = {isa = PBXFileReference; explicitFileType = wrapper.cfbundle; includeInIndex = 0; path = kanjiglanceTests.xctest; sourceTree = BUILT_PRODUCTS_DIR; };
		DCA0888B1D27BB7A002C8372 /* CSVParserTests.swift */ = {isa = PBXFileReference; lastKnownFileType = sourcecode.swift; path = CSVParserTests.swift; sourceTree = "<group>"; };
		DCA0888D1D27BB7B002C8372 /* Info.plist */ = {isa = PBXFileReference; lastKnownFileType = text.plist.xml; path = Info.plist; sourceTree = "<group>"; };
		DCA088931D27BDE9002C8372 /* KanjiStore.swift */ = {isa = PBXFileReference; fileEncoding = 4; lastKnownFileType = sourcecode.swift; path = KanjiStore.swift; sourceTree = "<group>"; };
		DCA088951D27BEDA002C8372 /* User.swift */ = {isa = PBXFileReference; fileEncoding = 4; lastKnownFileType = sourcecode.swift; path = User.swift; sourceTree = "<group>"; };
		DCA088971D27C601002C8372 /* KanjiTests.swift */ = {isa = PBXFileReference; fileEncoding = 4; lastKnownFileType = sourcecode.swift; path = KanjiTests.swift; sourceTree = "<group>"; };
		DCA088991D27CFFF002C8372 /* KanjiStatusBarItem.swift */ = {isa = PBXFileReference; fileEncoding = 4; lastKnownFileType = sourcecode.swift; path = KanjiStatusBarItem.swift; sourceTree = "<group>"; };
/* End PBXFileReference section */

/* Begin PBXFrameworksBuildPhase section */
		DC1760711D085E050091974A /* Frameworks */ = {
			isa = PBXFrameworksBuildPhase;
			buildActionMask = 2147483647;
			files = (
			);
			runOnlyForDeploymentPostprocessing = 0;
		};
		DCA088861D27BB7A002C8372 /* Frameworks */ = {
			isa = PBXFrameworksBuildPhase;
			buildActionMask = 2147483647;
			files = (
			);
			runOnlyForDeploymentPostprocessing = 0;
		};
/* End PBXFrameworksBuildPhase section */

/* Begin PBXGroup section */
		DC17606B1D085E050091974A = {
			isa = PBXGroup;
			children = (
				DC1760761D085E050091974A /* kanjiglance */,
				DCA0888A1D27BB7A002C8372 /* kanjiglanceTests */,
				DC1760751D085E050091974A /* Products */,
			);
			sourceTree = "<group>";
		};
		DC1760751D085E050091974A /* Products */ = {
			isa = PBXGroup;
			children = (
				DC1760741D085E050091974A /* kanjiglance.app */,
				DCA088891D27BB7A002C8372 /* kanjiglanceTests.xctest */,
			);
			name = Products;
			sourceTree = "<group>";
		};
		DC1760761D085E050091974A /* kanjiglance */ = {
			isa = PBXGroup;
			children = (
				DC1760841D0860D80091974A /* Classes */,
				DC1760871D0860E60091974A /* Nibs */,
				DCA088801D27B629002C8372 /* Resources */,
				DC1760791D085E050091974A /* Assets.xcassets */,
				DC17607E1D085E050091974A /* Info.plist */,
			);
			path = kanjiglance;
			sourceTree = "<group>";
		};
		DC1760841D0860D80091974A /* Classes */ = {
			isa = PBXGroup;
			children = (
				DC1760851D0860D80091974A /* AppDelegate.swift */,
				DCA088991D27CFFF002C8372 /* KanjiStatusBarItem.swift */,
				DC17608B1D08613A0091974A /* KanjiViewController.swift */,
				DCA0886E1D27B0DD002C8372 /* Kanji.swift */,
				DCA088931D27BDE9002C8372 /* KanjiStore.swift */,
				DCA088951D27BEDA002C8372 /* User.swift */,
				DC5B863F1D27A9D20018DFE4 /* CSVParser.swift */,
				DC1760921D0862F10091974A /* Utils */,
			);
			path = Classes;
			sourceTree = "<group>";
		};
		DC1760871D0860E60091974A /* Nibs */ = {
			isa = PBXGroup;
			children = (
				DC1760881D0860E60091974A /* MainMenu.xib */,
				DC17608C1D08613A0091974A /* KanjiViewController.xib */,
			);
			path = Nibs;
			sourceTree = "<group>";
		};
		DC1760921D0862F10091974A /* Utils */ = {
			isa = PBXGroup;
			children = (
				DC1760931D0862F10091974A /* EventMonitor.swift */,
			);
			path = Utils;
			sourceTree = "<group>";
		};
		DCA088801D27B629002C8372 /* Resources */ = {
			isa = PBXGroup;
			children = (
				DCA088811D27B629002C8372 /* n5.csv */,
			);
			path = Resources;
			sourceTree = "<group>";
		};
		DCA0888A1D27BB7A002C8372 /* kanjiglanceTests */ = {
			isa = PBXGroup;
			children = (
				DCA0888B1D27BB7A002C8372 /* CSVParserTests.swift */,
				DCA088971D27C601002C8372 /* KanjiTests.swift */,
				DCA0888D1D27BB7B002C8372 /* Info.plist */,
			);
			path = kanjiglanceTests;
			sourceTree = "<group>";
		};
/* End PBXGroup section */

/* Begin PBXNativeTarget section */
		DC1760731D085E050091974A /* kanjiglance */ = {
			isa = PBXNativeTarget;
			buildConfigurationList = DC1760811D085E050091974A /* Build configuration list for PBXNativeTarget "kanjiglance" */;
			buildPhases = (
				DC1760701D085E050091974A /* Sources */,
				DC1760711D085E050091974A /* Frameworks */,
				DC1760721D085E050091974A /* Resources */,
			);
			buildRules = (
			);
			dependencies = (
			);
			name = kanjiglance;
			productName = wanibar;
			productReference = DC1760741D085E050091974A /* kanjiglance.app */;
			productType = "com.apple.product-type.application";
		};
		DCA088881D27BB7A002C8372 /* kanjiglanceTests */ = {
			isa = PBXNativeTarget;
			buildConfigurationList = DCA088901D27BB7B002C8372 /* Build configuration list for PBXNativeTarget "kanjiglanceTests" */;
			buildPhases = (
				DCA088851D27BB7A002C8372 /* Sources */,
				DCA088861D27BB7A002C8372 /* Frameworks */,
				DCA088871D27BB7A002C8372 /* Resources */,
			);
			buildRules = (
			);
			dependencies = (
				DCA0888F1D27BB7B002C8372 /* PBXTargetDependency */,
			);
			name = kanjiglanceTests;
			productName = kanjiglanceTests;
			productReference = DCA088891D27BB7A002C8372 /* kanjiglanceTests.xctest */;
			productType = "com.apple.product-type.bundle.unit-test";
		};
/* End PBXNativeTarget section */

/* Begin PBXProject section */
		DC17606C1D085E050091974A /* Project object */ = {
			isa = PBXProject;
			attributes = {
				LastSwiftUpdateCheck = 0730;
				LastUpgradeCheck = 0730;
				ORGANIZATIONNAME = zoonref;
				TargetAttributes = {
					DC1760731D085E050091974A = {
						CreatedOnToolsVersion = 7.3.1;
						DevelopmentTeam = N6V2CV23BU;
					};
					DCA088881D27BB7A002C8372 = {
						CreatedOnToolsVersion = 7.3.1;
						TestTargetID = DC1760731D085E050091974A;
					};
				};
			};
			buildConfigurationList = DC17606F1D085E050091974A /* Build configuration list for PBXProject "kanjiglance" */;
			compatibilityVersion = "Xcode 3.2";
			developmentRegion = English;
			hasScannedForEncodings = 0;
			knownRegions = (
				en,
				Base,
			);
			mainGroup = DC17606B1D085E050091974A;
			productRefGroup = DC1760751D085E050091974A /* Products */;
			projectDirPath = "";
			projectRoot = "";
			targets = (
				DC1760731D085E050091974A /* kanjiglance */,
				DCA088881D27BB7A002C8372 /* kanjiglanceTests */,
			);
		};
/* End PBXProject section */

/* Begin PBXResourcesBuildPhase section */
		DC1760721D085E050091974A /* Resources */ = {
			isa = PBXResourcesBuildPhase;
			buildActionMask = 2147483647;
			files = (
				DC17607A1D085E050091974A /* Assets.xcassets in Resources */,
				DC17608A1D0860E60091974A /* MainMenu.xib in Resources */,
				DC17608E1D08613A0091974A /* KanjiViewController.xib in Resources */,
				DCA088821D27B629002C8372 /* n5.csv in Resources */,
			);
			runOnlyForDeploymentPostprocessing = 0;
		};
		DCA088871D27BB7A002C8372 /* Resources */ = {
			isa = PBXResourcesBuildPhase;
			buildActionMask = 2147483647;
			files = (
			);
			runOnlyForDeploymentPostprocessing = 0;
		};
/* End PBXResourcesBuildPhase section */

/* Begin PBXSourcesBuildPhase section */
		DC1760701D085E050091974A /* Sources */ = {
			isa = PBXSourcesBuildPhase;
			buildActionMask = 2147483647;
			files = (
				DCA0889A1D27CFFF002C8372 /* KanjiStatusBarItem.swift in Sources */,
				DCA0886F1D27B0DD002C8372 /* Kanji.swift in Sources */,
				DC1760941D0862F10091974A /* EventMonitor.swift in Sources */,
				DC17608D1D08613A0091974A /* KanjiViewController.swift in Sources */,
				DCA088941D27BDE9002C8372 /* KanjiStore.swift in Sources */,
				DC1760861D0860D80091974A /* AppDelegate.swift in Sources */,
				DC5B86401D27A9D20018DFE4 /* CSVParser.swift in Sources */,
				DCA088961D27BEDA002C8372 /* User.swift in Sources */,
			);
			runOnlyForDeploymentPostprocessing = 0;
		};
		DCA088851D27BB7A002C8372 /* Sources */ = {
			isa = PBXSourcesBuildPhase;
			buildActionMask = 2147483647;
			files = (
				DCA0888C1D27BB7A002C8372 /* CSVParserTests.swift in Sources */,
				DCA088981D27C601002C8372 /* KanjiTests.swift in Sources */,
			);
			runOnlyForDeploymentPostprocessing = 0;
		};
/* End PBXSourcesBuildPhase section */

/* Begin PBXTargetDependency section */
		DCA0888F1D27BB7B002C8372 /* PBXTargetDependency */ = {
			isa = PBXTargetDependency;
			target = DC1760731D085E050091974A /* kanjiglance */;
			targetProxy = DCA0888E1D27BB7B002C8372 /* PBXContainerItemProxy */;
		};
/* End PBXTargetDependency section */

/* Begin PBXVariantGroup section */
		DC1760881D0860E60091974A /* MainMenu.xib */ = {
			isa = PBXVariantGroup;
			children = (
				DC1760891D0860E60091974A /* Base */,
			);
			name = MainMenu.xib;
			sourceTree = "<group>";
		};
/* End PBXVariantGroup section */

/* Begin XCBuildConfiguration section */
		DC17607F1D085E050091974A /* Debug */ = {
			isa = XCBuildConfiguration;
			buildSettings = {
				ALWAYS_SEARCH_USER_PATHS = NO;
				CLANG_ANALYZER_NONNULL = YES;
				CLANG_CXX_LANGUAGE_STANDARD = "gnu++0x";
				CLANG_CXX_LIBRARY = "libc++";
				CLANG_ENABLE_MODULES = YES;
				CLANG_ENABLE_OBJC_ARC = YES;
				CLANG_WARN_BOOL_CONVERSION = YES;
				CLANG_WARN_CONSTANT_CONVERSION = YES;
				CLANG_WARN_DIRECT_OBJC_ISA_USAGE = YES_ERROR;
				CLANG_WARN_EMPTY_BODY = YES;
				CLANG_WARN_ENUM_CONVERSION = YES;
				CLANG_WARN_INT_CONVERSION = YES;
				CLANG_WARN_OBJC_ROOT_CLASS = YES_ERROR;
				CLANG_WARN_UNREACHABLE_CODE = YES;
				CLANG_WARN__DUPLICATE_METHOD_MATCH = YES;
				CODE_SIGN_IDENTITY = "-";
				COPY_PHASE_STRIP = NO;
				DEBUG_INFORMATION_FORMAT = dwarf;
				ENABLE_STRICT_OBJC_MSGSEND = YES;
				ENABLE_TESTABILITY = YES;
				GCC_C_LANGUAGE_STANDARD = gnu99;
				GCC_DYNAMIC_NO_PIC = NO;
				GCC_NO_COMMON_BLOCKS = YES;
				GCC_OPTIMIZATION_LEVEL = 0;
				GCC_PREPROCESSOR_DEFINITIONS = (
					"DEBUG=1",
					"$(inherited)",
				);
				GCC_WARN_64_TO_32_BIT_CONVERSION = YES;
				GCC_WARN_ABOUT_RETURN_TYPE = YES_ERROR;
				GCC_WARN_UNDECLARED_SELECTOR = YES;
				GCC_WARN_UNINITIALIZED_AUTOS = YES_AGGRESSIVE;
				GCC_WARN_UNUSED_FUNCTION = YES;
				GCC_WARN_UNUSED_VARIABLE = YES;
				MACOSX_DEPLOYMENT_TARGET = 10.11;
				MTL_ENABLE_DEBUG_INFO = YES;
				ONLY_ACTIVE_ARCH = YES;
				SDKROOT = macosx;
				SWIFT_OPTIMIZATION_LEVEL = "-Onone";
			};
			name = Debug;
		};
		DC1760801D085E050091974A /* Release */ = {
			isa = XCBuildConfiguration;
			buildSettings = {
				ALWAYS_SEARCH_USER_PATHS = NO;
				CLANG_ANALYZER_NONNULL = YES;
				CLANG_CXX_LANGUAGE_STANDARD = "gnu++0x";
				CLANG_CXX_LIBRARY = "libc++";
				CLANG_ENABLE_MODULES = YES;
				CLANG_ENABLE_OBJC_ARC = YES;
				CLANG_WARN_BOOL_CONVERSION = YES;
				CLANG_WARN_CONSTANT_CONVERSION = YES;
				CLANG_WARN_DIRECT_OBJC_ISA_USAGE = YES_ERROR;
				CLANG_WARN_EMPTY_BODY = YES;
				CLANG_WARN_ENUM_CONVERSION = YES;
				CLANG_WARN_INT_CONVERSION = YES;
				CLANG_WARN_OBJC_ROOT_CLASS = YES_ERROR;
				CLANG_WARN_UNREACHABLE_CODE = YES;
				CLANG_WARN__DUPLICATE_METHOD_MATCH = YES;
				CODE_SIGN_IDENTITY = "-";
				COPY_PHASE_STRIP = NO;
				DEBUG_INFORMATION_FORMAT = "dwarf-with-dsym";
				ENABLE_NS_ASSERTIONS = NO;
				ENABLE_STRICT_OBJC_MSGSEND = YES;
				GCC_C_LANGUAGE_STANDARD = gnu99;
				GCC_NO_COMMON_BLOCKS = YES;
				GCC_WARN_64_TO_32_BIT_CONVERSION = YES;
				GCC_WARN_ABOUT_RETURN_TYPE = YES_ERROR;
				GCC_WARN_UNDECLARED_SELECTOR = YES;
				GCC_WARN_UNINITIALIZED_AUTOS = YES_AGGRESSIVE;
				GCC_WARN_UNUSED_FUNCTION = YES;
				GCC_WARN_UNUSED_VARIABLE = YES;
				MACOSX_DEPLOYMENT_TARGET = 10.11;
				MTL_ENABLE_DEBUG_INFO = NO;
				SDKROOT = macosx;
			};
			name = Release;
		};
		DC1760821D085E050091974A /* Debug */ = {
			isa = XCBuildConfiguration;
			buildSettings = {
				ASSETCATALOG_COMPILER_APPICON_NAME = AppIcon;
				CODE_SIGN_IDENTITY = "";
				COMBINE_HIDPI_IMAGES = YES;
				INFOPLIST_FILE = kanjiglance/Info.plist;
				LD_RUNPATH_SEARCH_PATHS = "$(inherited) @executable_path/../Frameworks";
				PRODUCT_BUNDLE_IDENTIFIER = com.zoonref.kanjiglance;
				PRODUCT_NAME = kanjiglance;
				PROVISIONING_PROFILE = "";
			};
			name = Debug;
		};
		DC1760831D085E050091974A /* Release */ = {
			isa = XCBuildConfiguration;
			buildSettings = {
				ASSETCATALOG_COMPILER_APPICON_NAME = AppIcon;
				CODE_SIGN_IDENTITY = "";
				COMBINE_HIDPI_IMAGES = YES;
				INFOPLIST_FILE = kanjiglance/Info.plist;
				LD_RUNPATH_SEARCH_PATHS = "$(inherited) @executable_path/../Frameworks";
				PRODUCT_BUNDLE_IDENTIFIER = com.zoonref.kanjiglance;
				PRODUCT_NAME = kanjiglance;
				PROVISIONING_PROFILE = "";
			};
			name = Release;
		};
		DCA088911D27BB7B002C8372 /* Debug */ = {
			isa = XCBuildConfiguration;
			buildSettings = {
				BUNDLE_LOADER = "$(TEST_HOST)";
				COMBINE_HIDPI_IMAGES = YES;
				INFOPLIST_FILE = kanjiglanceTests/Info.plist;
				LD_RUNPATH_SEARCH_PATHS = "$(inherited) @executable_path/../Frameworks @loader_path/../Frameworks";
				PRODUCT_BUNDLE_IDENTIFIER = com.zoonref.kanjiglanceTests;
				PRODUCT_NAME = "$(TARGET_NAME)";
				TEST_HOST = "$(BUILT_PRODUCTS_DIR)/kanjiglance.app/Contents/MacOS/kanjiglance";
			};
			name = Debug;
		};
		DCA088921D27BB7B002C8372 /* Release */ = {
			isa = XCBuildConfiguration;
			buildSettings = {
				BUNDLE_LOADER = "$(TEST_HOST)";
				COMBINE_HIDPI_IMAGES = YES;
				INFOPLIST_FILE = kanjiglanceTests/Info.plist;
				LD_RUNPATH_SEARCH_PATHS = "$(inherited) @executable_path/../Frameworks @loader_path/../Frameworks";
				PRODUCT_BUNDLE_IDENTIFIER = com.zoonref.kanjiglanceTests;
				PRODUCT_NAME = "$(TARGET_NAME)";
				TEST_HOST = "$(BUILT_PRODUCTS_DIR)/kanjiglance.app/Contents/MacOS/kanjiglance";
			};
			name = Release;
		};
/* End XCBuildConfiguration section */

/* Begin XCConfigurationList section */
		DC17606F1D085E050091974A /* Build configuration list for PBXProject "kanjiglance" */ = {
			isa = XCConfigurationList;
			buildConfigurations = (
				DC17607F1D085E050091974A /* Debug */,
				DC1760801D085E050091974A /* Release */,
			);
			defaultConfigurationIsVisible = 0;
			defaultConfigurationName = Release;
		};
		DC1760811D085E050091974A /* Build configuration list for PBXNativeTarget "kanjiglance" */ = {
			isa = XCConfigurationList;
			buildConfigurations = (
				DC1760821D085E050091974A /* Debug */,
				DC1760831D085E050091974A /* Release */,
			);
			defaultConfigurationIsVisible = 0;
			defaultConfigurationName = Release;
		};
		DCA088901D27BB7B002C8372 /* Build configuration list for PBXNativeTarget "kanjiglanceTests" */ = {
			isa = XCConfigurationList;
			buildConfigurations = (
				DCA088911D27BB7B002C8372 /* Debug */,
				DCA088921D27BB7B002C8372 /* Release */,
			);
			defaultConfigurationIsVisible = 0;
		};
/* End XCConfigurationList section */
	};
	rootObject = DC17606C1D085E050091974A /* Project object */;
}
